
Microsoft Visual Studio Solution File, Format Version 12.00
# Visual Studio 14
VisualStudioVersion = 14.0.25420.1
MinimumVisualStudioVersion = 10.0.40219.1
Project("{2150E333-8FDC-42A3-9474-1A3956D46DE8}") = "src", "src", "{889B1F4C-05A9-47D8-AF8C-39F6D690C84D}"
EndProject
Project("{2150E333-8FDC-42A3-9474-1A3956D46DE8}") = "Solution Items", "Solution Items", "{1EF7C750-220C-45BA-8EF8-AE3323701E0E}"
	ProjectSection(SolutionItems) = preProject
		global.json = global.json
	EndProjectSection
EndProject
Project("{8BB2217D-0F2D-49D1-97BC-3654ED321F3B}") = "MvcMovie", "src\MvcMovie\MvcMovie.xproj", "{7472CDE0-93C0-4E69-BF88-20D68DD44BF5}"
EndProject
Global
	GlobalSection(SolutionConfigurationPlatforms) = preSolution
		Debug|Any CPU = Debug|Any CPU
		Release|Any CPU = Release|Any CPU
	EndGlobalSection
	GlobalSection(ProjectConfigurationPlatforms) = postSolution
		{7472CDE0-93C0-4E69-BF88-20D68DD44BF5}.Debug|Any CPU.ActiveCfg = Debug|Any CPU
		{7472CDE0-93C0-4E69-BF88-20D68DD44BF5}.Debug|Any CPU.Build.0 = Debug|Any CPU
		{7472CDE0-93C0-4E69-BF88-20D68DD44BF5}.Release|Any CPU.ActiveCfg = Release|Any CPU
		{7472CDE0-93C0-4E69-BF88-20D68DD44BF5}.Release|Any CPU.Build.0 = Release|Any CPU
	EndGlobalSection
	GlobalSection(SolutionProperties) = preSolution
		HideSolutionNode = FALSE
	EndGlobalSection
	GlobalSection(NestedProjects) = preSolution
		{7472CDE0-93C0-4E69-BF88-20D68DD44BF5} = {889B1F4C-05A9-47D8-AF8C-39F6D690C84D}
	EndGlobalSection
EndGlobal
